
Microsoft Visual Studio Solution File, Format Version 12.00
# Visual Studio Version 17
VisualStudioVersion = 17.5.33530.505
MinimumVisualStudioVersion = 10.0.40219.1
Project("{FAE04EC0-301F-11D3-BF4B-00C04F79EFBC}") = "SeedlessFood", "SeedlessFood.csproj", "{4ED1B0BC-E968-47DA-8A3F-F0E078238AC2}"
EndProject
Global
	GlobalSection(SolutionConfigurationPlatforms) = preSolution
		Debug|Any CPU = Debug|Any CPU
		Release|Any CPU = Release|Any CPU
	EndGlobalSection
	GlobalSection(ProjectConfigurationPlatforms) = postSolution
		{4ED1B0BC-E968-47DA-8A3F-F0E078238AC2}.Debug|Any CPU.ActiveCfg = Debug|Any CPU
		{4ED1B0BC-E968-47DA-8A3F-F0E078238AC2}.Debug|Any CPU.Build.0 = Debug|Any CPU
		{4ED1B0BC-E968-47DA-8A3F-F0E078238AC2}.Release|Any CPU.ActiveCfg = Release|Any CPU
		{4ED1B0BC-E968-47DA-8A3F-F0E078238AC2}.Release|Any CPU.Build.0 = Release|Any CPU
	EndGlobalSection
	GlobalSection(SolutionProperties) = preSolution
		HideSolutionNode = FALSE
	EndGlobalSection
	GlobalSection(ExtensibilityGlobals) = postSolution
		SolutionGuid = {8F3D85B8-63D5-4BEC-AD7B-68B40A8707AD}
	EndGlobalSection
EndGlobal
